// !$*UTF8*$!
{
	archiveVersion = 1;
	classes = {
	};
	objectVersion = 46;
	objects = {

/* Begin PBXBuildFile section */
		8157D74F1EB0B22200ACB510 /* AppDelegate.swift in Sources */ = {isa = PBXBuildFile; fileRef = 8157D74E1EB0B22200ACB510 /* AppDelegate.swift */; };
		8157D7511EB0B22200ACB510 /* ViewController.swift in Sources */ = {isa = PBXBuildFile; fileRef = 8157D7501EB0B22200ACB510 /* ViewController.swift */; };
		8157D7541EB0B22200ACB510 /* Main.storyboard in Resources */ = {isa = PBXBuildFile; fileRef = 8157D7521EB0B22200ACB510 /* Main.storyboard */; };
		8157D7561EB0B22200ACB510 /* Assets.xcassets in Resources */ = {isa = PBXBuildFile; fileRef = 8157D7551EB0B22200ACB510 /* Assets.xcassets */; };
		8157D7591EB0B22200ACB510 /* LaunchScreen.storyboard in Resources */ = {isa = PBXBuildFile; fileRef = 8157D7571EB0B22200ACB510 /* LaunchScreen.storyboard */; };
		8157D7641EB0B22200ACB510 /* Trial1Tests.swift in Sources */ = {isa = PBXBuildFile; fileRef = 8157D7631EB0B22200ACB510 /* Trial1Tests.swift */; };
		8157D76F1EB0B22200ACB510 /* Trial1UITests.swift in Sources */ = {isa = PBXBuildFile; fileRef = 8157D76E1EB0B22200ACB510 /* Trial1UITests.swift */; };
/* End PBXBuildFile section */

/* Begin PBXContainerItemProxy section */
		8157D7601EB0B22200ACB510 /* PBXContainerItemProxy */ = {
			isa = PBXContainerItemProxy;
			containerPortal = 8157D7431EB0B22100ACB510 /* Project object */;
			proxyType = 1;
			remoteGlobalIDString = 8157D74A1EB0B22100ACB510;
			remoteInfo = Trial1;
		};
		8157D76B1EB0B22200ACB510 /* PBXContainerItemProxy */ = {
			isa = PBXContainerItemProxy;
			containerPortal = 8157D7431EB0B22100ACB510 /* Project object */;
			proxyType = 1;
			remoteGlobalIDString = 8157D74A1EB0B22100ACB510;
			remoteInfo = Trial1;
		};
/* End PBXContainerItemProxy section */

/* Begin PBXFileReference section */
		8157D74B1EB0B22100ACB510 /* Trial1.app */ = {isa = PBXFileReference; explicitFileType = wrapper.application; includeInIndex = 0; path = Trial1.app; sourceTree = BUILT_PRODUCTS_DIR; };
		8157D74E1EB0B22200ACB510 /* AppDelegate.swift */ = {isa = PBXFileReference; lastKnownFileType = sourcecode.swift; path = AppDelegate.swift; sourceTree = "<group>"; };
		8157D7501EB0B22200ACB510 /* ViewController.swift */ = {isa = PBXFileReference; lastKnownFileType = sourcecode.swift; path = ViewController.swift; sourceTree = "<group>"; };
		8157D7531EB0B22200ACB510 /* Base */ = {isa = PBXFileReference; lastKnownFileType = file.storyboard; name = Base; path = Base.lproj/Main.storyboard; sourceTree = "<group>"; };
		8157D7551EB0B22200ACB510 /* Assets.xcassets */ = {isa = PBXFileReference; lastKnownFileType = folder.assetcatalog; path = Assets.xcassets; sourceTree = "<group>"; };
		8157D7581EB0B22200ACB510 /* Base */ = {isa = PBXFileReference; lastKnownFileType = file.storyboard; name = Base; path = Base.lproj/LaunchScreen.storyboard; sourceTree = "<group>"; };
		8157D75A1EB0B22200ACB510 /* Info.plist */ = {isa = PBXFileReference; lastKnownFileType = text.plist.xml; path = Info.plist; sourceTree = "<group>"; };
		8157D75F1EB0B22200ACB510 /* Trial1Tests.xctest */ = {isa = PBXFileReference; explicitFileType = wrapper.cfbundle; includeInIndex = 0; path = Trial1Tests.xctest; sourceTree = BUILT_PRODUCTS_DIR; };
		8157D7631EB0B22200ACB510 /* Trial1Tests.swift */ = {isa = PBXFileReference; lastKnownFileType = sourcecode.swift; path = Trial1Tests.swift; sourceTree = "<group>"; };
		8157D7651EB0B22200ACB510 /* Info.plist */ = {isa = PBXFileReference; lastKnownFileType = text.plist.xml; path = Info.plist; sourceTree = "<group>"; };
		8157D76A1EB0B22200ACB510 /* Trial1UITests.xctest */ = {isa = PBXFileReference; explicitFileType = wrapper.cfbundle; includeInIndex = 0; path = Trial1UITests.xctest; sourceTree = BUILT_PRODUCTS_DIR; };
		8157D76E1EB0B22200ACB510 /* Trial1UITests.swift */ = {isa = PBXFileReference; lastKnownFileType = sourcecode.swift; path = Trial1UITests.swift; sourceTree = "<group>"; };
		8157D7701EB0B22200ACB510 /* Info.plist */ = {isa = PBXFileReference; lastKnownFileType = text.plist.xml; path = Info.plist; sourceTree = "<group>"; };
/* End PBXFileReference section */

/* Begin PBXFrameworksBuildPhase section */
		8157D7481EB0B22100ACB510 /* Frameworks */ = {
			isa = PBXFrameworksBuildPhase;
			buildActionMask = 2147483647;
			files = (
			);
			runOnlyForDeploymentPostprocessing = 0;
		};
		8157D75C1EB0B22200ACB510 /* Frameworks */ = {
			isa = PBXFrameworksBuildPhase;
			buildActionMask = 2147483647;
			files = (
			);
			runOnlyForDeploymentPostprocessing = 0;
		};
		8157D7671EB0B22200ACB510 /* Frameworks */ = {
			isa = PBXFrameworksBuildPhase;
			buildActionMask = 2147483647;
			files = (
			);
			runOnlyForDeploymentPostprocessing = 0;
		};
/* End PBXFrameworksBuildPhase section */

/* Begin PBXGroup section */
		8157D7421EB0B22100ACB510 = {
			isa = PBXGroup;
			children = (
				8157D74D1EB0B22100ACB510 /* Trial1 */,
				8157D7621EB0B22200ACB510 /* Trial1Tests */,
				8157D76D1EB0B22200ACB510 /* Trial1UITests */,
				8157D74C1EB0B22100ACB510 /* Products */,
			);
			sourceTree = "<group>";
		};
		8157D74C1EB0B22100ACB510 /* Products */ = {
			isa = PBXGroup;
			children = (
				8157D74B1EB0B22100ACB510 /* Trial1.app */,
				8157D75F1EB0B22200ACB510 /* Trial1Tests.xctest */,
				8157D76A1EB0B22200ACB510 /* Trial1UITests.xctest */,
			);
			name = Products;
			sourceTree = "<group>";
		};
		8157D74D1EB0B22100ACB510 /* Trial1 */ = {
			isa = PBXGroup;
			children = (
				8157D74E1EB0B22200ACB510 /* AppDelegate.swift */,
				8157D7501EB0B22200ACB510 /* ViewController.swift */,
				8157D7521EB0B22200ACB510 /* Main.storyboard */,
				8157D7551EB0B22200ACB510 /* Assets.xcassets */,
				8157D7571EB0B22200ACB510 /* LaunchScreen.storyboard */,
				8157D75A1EB0B22200ACB510 /* Info.plist */,
			);
			path = Trial1;
			sourceTree = "<group>";
		};
		8157D7621EB0B22200ACB510 /* Trial1Tests */ = {
			isa = PBXGroup;
			children = (
				8157D7631EB0B22200ACB510 /* Trial1Tests.swift */,
				8157D7651EB0B22200ACB510 /* Info.plist */,
			);
			path = Trial1Tests;
			sourceTree = "<group>";
		};
		8157D76D1EB0B22200ACB510 /* Trial1UITests */ = {
			isa = PBXGroup;
			children = (
				8157D76E1EB0B22200ACB510 /* Trial1UITests.swift */,
				8157D7701EB0B22200ACB510 /* Info.plist */,
			);
			path = Trial1UITests;
			sourceTree = "<group>";
		};
/* End PBXGroup section */

/* Begin PBXNativeTarget section */
		8157D74A1EB0B22100ACB510 /* Trial1 */ = {
			isa = PBXNativeTarget;
			buildConfigurationList = 8157D7731EB0B22200ACB510 /* Build configuration list for PBXNativeTarget "Trial1" */;
			buildPhases = (
				8157D7471EB0B22100ACB510 /* Sources */,
				8157D7481EB0B22100ACB510 /* Frameworks */,
				8157D7491EB0B22100ACB510 /* Resources */,
			);
			buildRules = (
			);
			dependencies = (
			);
			name = Trial1;
			productName = Trial1;
			productReference = 8157D74B1EB0B22100ACB510 /* Trial1.app */;
			productType = "com.apple.product-type.application";
		};
		8157D75E1EB0B22200ACB510 /* Trial1Tests */ = {
			isa = PBXNativeTarget;
			buildConfigurationList = 8157D7761EB0B22200ACB510 /* Build configuration list for PBXNativeTarget "Trial1Tests" */;
			buildPhases = (
				8157D75B1EB0B22200ACB510 /* Sources */,
				8157D75C1EB0B22200ACB510 /* Frameworks */,
				8157D75D1EB0B22200ACB510 /* Resources */,
			);
			buildRules = (
			);
			dependencies = (
				8157D7611EB0B22200ACB510 /* PBXTargetDependency */,
			);
			name = Trial1Tests;
			productName = Trial1Tests;
			productReference = 8157D75F1EB0B22200ACB510 /* Trial1Tests.xctest */;
			productType = "com.apple.product-type.bundle.unit-test";
		};
		8157D7691EB0B22200ACB510 /* Trial1UITests */ = {
			isa = PBXNativeTarget;
			buildConfigurationList = 8157D7791EB0B22200ACB510 /* Build configuration list for PBXNativeTarget "Trial1UITests" */;
			buildPhases = (
				8157D7661EB0B22200ACB510 /* Sources */,
				8157D7671EB0B22200ACB510 /* Frameworks */,
				8157D7681EB0B22200ACB510 /* Resources */,
			);
			buildRules = (
			);
			dependencies = (
				8157D76C1EB0B22200ACB510 /* PBXTargetDependency */,
			);
			name = Trial1UITests;
			productName = Trial1UITests;
			productReference = 8157D76A1EB0B22200ACB510 /* Trial1UITests.xctest */;
			productType = "com.apple.product-type.bundle.ui-testing";
		};
/* End PBXNativeTarget section */

/* Begin PBXProject section */
		8157D7431EB0B22100ACB510 /* Project object */ = {
			isa = PBXProject;
			attributes = {
				LastSwiftUpdateCheck = 0820;
				LastUpgradeCheck = 0820;
				ORGANIZATIONNAME = mobilecoe;
				TargetAttributes = {
					8157D74A1EB0B22100ACB510 = {
						CreatedOnToolsVersion = 8.2.1;
						DevelopmentTeam = 9JFA32662T;
						ProvisioningStyle = Automatic;
					};
					8157D75E1EB0B22200ACB510 = {
						CreatedOnToolsVersion = 8.2.1;
						DevelopmentTeam = 9JFA32662T;
						ProvisioningStyle = Automatic;
						TestTargetID = 8157D74A1EB0B22100ACB510;
					};
					8157D7691EB0B22200ACB510 = {
						CreatedOnToolsVersion = 8.2.1;
						DevelopmentTeam = 9JFA32662T;
						ProvisioningStyle = Automatic;
						TestTargetID = 8157D74A1EB0B22100ACB510;
					};
				};
			};
			buildConfigurationList = 8157D7461EB0B22100ACB510 /* Build configuration list for PBXProject "Trial1" */;
			compatibilityVersion = "Xcode 3.2";
			developmentRegion = English;
			hasScannedForEncodings = 0;
			knownRegions = (
				en,
				Base,
			);
			mainGroup = 8157D7421EB0B22100ACB510;
			productRefGroup = 8157D74C1EB0B22100ACB510 /* Products */;
			projectDirPath = "";
			projectRoot = "";
			targets = (
				8157D74A1EB0B22100ACB510 /* Trial1 */,
				8157D75E1EB0B22200ACB510 /* Trial1Tests */,
				8157D7691EB0B22200ACB510 /* Trial1UITests */,
			);
		};
/* End PBXProject section */

/* Begin PBXResourcesBuildPhase section */
		8157D7491EB0B22100ACB510 /* Resources */ = {
			isa = PBXResourcesBuildPhase;
			buildActionMask = 2147483647;
			files = (
				8157D7591EB0B22200ACB510 /* LaunchScreen.storyboard in Resources */,
				8157D7561EB0B22200ACB510 /* Assets.xcassets in Resources */,
				8157D7541EB0B22200ACB510 /* Main.storyboard in Resources */,
			);
			runOnlyForDeploymentPostprocessing = 0;
		};
		8157D75D1EB0B22200ACB510 /* Resources */ = {
			isa = PBXResourcesBuildPhase;
			buildActionMask = 2147483647;
			files = (
			);
			runOnlyForDeploymentPostprocessing = 0;
		};
		8157D7681EB0B22200ACB510 /* Resources */ = {
			isa = PBXResourcesBuildPhase;
			buildActionMask = 2147483647;
			files = (
			);
			runOnlyForDeploymentPostprocessing = 0;
		};
/* End PBXResourcesBuildPhase section */

/* Begin PBXSourcesBuildPhase section */
		8157D7471EB0B22100ACB510 /* Sources */ = {
			isa = PBXSourcesBuildPhase;
			buildActionMask = 2147483647;
			files = (
				8157D7511EB0B22200ACB510 /* ViewController.swift in Sources */,
				8157D74F1EB0B22200ACB510 /* AppDelegate.swift in Sources */,
			);
			runOnlyForDeploymentPostprocessing = 0;
		};
		8157D75B1EB0B22200ACB510 /* Sources */ = {
			isa = PBXSourcesBuildPhase;
			buildActionMask = 2147483647;
			files = (
				8157D7641EB0B22200ACB510 /* Trial1Tests.swift in Sources */,
			);
			runOnlyForDeploymentPostprocessing = 0;
		};
		8157D7661EB0B22200ACB510 /* Sources */ = {
			isa = PBXSourcesBuildPhase;
			buildActionMask = 2147483647;
			files = (
				8157D76F1EB0B22200ACB510 /* Trial1UITests.swift in Sources */,
			);
			runOnlyForDeploymentPostprocessing = 0;
		};
/* End PBXSourcesBuildPhase section */

/* Begin PBXTargetDependency section */
		8157D7611EB0B22200ACB510 /* PBXTargetDependency */ = {
			isa = PBXTargetDependency;
			target = 8157D74A1EB0B22100ACB510 /* Trial1 */;
			targetProxy = 8157D7601EB0B22200ACB510 /* PBXContainerItemProxy */;
		};
		8157D76C1EB0B22200ACB510 /* PBXTargetDependency */ = {
			isa = PBXTargetDependency;
			target = 8157D74A1EB0B22100ACB510 /* Trial1 */;
			targetProxy = 8157D76B1EB0B22200ACB510 /* PBXContainerItemProxy */;
		};
/* End PBXTargetDependency section */

/* Begin PBXVariantGroup section */
		8157D7521EB0B22200ACB510 /* Main.storyboard */ = {
			isa = PBXVariantGroup;
			children = (
				8157D7531EB0B22200ACB510 /* Base */,
			);
			name = Main.storyboard;
			sourceTree = "<group>";
		};
		8157D7571EB0B22200ACB510 /* LaunchScreen.storyboard */ = {
			isa = PBXVariantGroup;
			children = (
				8157D7581EB0B22200ACB510 /* Base */,
			);
			name = LaunchScreen.storyboard;
			sourceTree = "<group>";
		};
/* End PBXVariantGroup section */

/* Begin XCBuildConfiguration section */
		8157D7711EB0B22200ACB510 /* Debug */ = {
			isa = XCBuildConfiguration;
			buildSettings = {
				ALWAYS_SEARCH_USER_PATHS = NO;
				CLANG_ANALYZER_NONNULL = YES;
				CLANG_CXX_LANGUAGE_STANDARD = "gnu++0x";
				CLANG_CXX_LIBRARY = "libc++";
				CLANG_ENABLE_MODULES = YES;
				CLANG_ENABLE_OBJC_ARC = YES;
				CLANG_WARN_BOOL_CONVERSION = YES;
				CLANG_WARN_CONSTANT_CONVERSION = YES;
				CLANG_WARN_DIRECT_OBJC_ISA_USAGE = YES_ERROR;
				CLANG_WARN_DOCUMENTATION_COMMENTS = YES;
				CLANG_WARN_EMPTY_BODY = YES;
				CLANG_WARN_ENUM_CONVERSION = YES;
				CLANG_WARN_INFINITE_RECURSION = YES;
				CLANG_WARN_INT_CONVERSION = YES;
				CLANG_WARN_OBJC_ROOT_CLASS = YES_ERROR;
				CLANG_WARN_SUSPICIOUS_MOVE = YES;
				CLANG_WARN_UNREACHABLE_CODE = YES;
				CLANG_WARN__DUPLICATE_METHOD_MATCH = YES;
				"CODE_SIGN_IDENTITY[sdk=iphoneos*]" = "iPhone Developer";
				COPY_PHASE_STRIP = NO;
				DEBUG_INFORMATION_FORMAT = dwarf;
				ENABLE_STRICT_OBJC_MSGSEND = YES;
				ENABLE_TESTABILITY = YES;
				GCC_C_LANGUAGE_STANDARD = gnu99;
				GCC_DYNAMIC_NO_PIC = NO;
				GCC_NO_COMMON_BLOCKS = YES;
				GCC_OPTIMIZATION_LEVEL = 0;
				GCC_PREPROCESSOR_DEFINITIONS = (
					"DEBUG=1",
					"$(inherited)",
				);
				GCC_WARN_64_TO_32_BIT_CONVERSION = YES;
				GCC_WARN_ABOUT_RETURN_TYPE = YES_ERROR;
				GCC_WARN_UNDECLARED_SELECTOR = YES;
				GCC_WARN_UNINITIALIZED_AUTOS = YES_AGGRESSIVE;
				GCC_WARN_UNUSED_FUNCTION = YES;
				GCC_WARN_UNUSED_VARIABLE = YES;
				IPHONEOS_DEPLOYMENT_TARGET = 10.2;
				MTL_ENABLE_DEBUG_INFO = YES;
				ONLY_ACTIVE_ARCH = YES;
				SDKROOT = iphoneos;
				SWIFT_ACTIVE_COMPILATION_CONDITIONS = DEBUG;
				SWIFT_OPTIMIZATION_LEVEL = "-Onone";
				TARGETED_DEVICE_FAMILY = "1,2";
			};
			name = Debug;
		};
		8157D7721EB0B22200ACB510 /* Release */ = {
			isa = XCBuildConfiguration;
			buildSettings = {
				ALWAYS_SEARCH_USER_PATHS = NO;
				CLANG_ANALYZER_NONNULL = YES;
				CLANG_CXX_LANGUAGE_STANDARD = "gnu++0x";
				CLANG_CXX_LIBRARY = "libc++";
				CLANG_ENABLE_MODULES = YES;
				CLANG_ENABLE_OBJC_ARC = YES;
				CLANG_WARN_BOOL_CONVERSION = YES;
				CLANG_WARN_CONSTANT_CONVERSION = YES;
				CLANG_WARN_DIRECT_OBJC_ISA_USAGE = YES_ERROR;
				CLANG_WARN_DOCUMENTATION_COMMENTS = YES;
				CLANG_WARN_EMPTY_BODY = YES;
				CLANG_WARN_ENUM_CONVERSION = YES;
				CLANG_WARN_INFINITE_RECURSION = YES;
				CLANG_WARN_INT_CONVERSION = YES;
				CLANG_WARN_OBJC_ROOT_CLASS = YES_ERROR;
				CLANG_WARN_SUSPICIOUS_MOVE = YES;
				CLANG_WARN_UNREACHABLE_CODE = YES;
				CLANG_WARN__DUPLICATE_METHOD_MATCH = YES;
				"CODE_SIGN_IDENTITY[sdk=iphoneos*]" = "iPhone Developer";
				COPY_PHASE_STRIP = NO;
				DEBUG_INFORMATION_FORMAT = "dwarf-with-dsym";
				ENABLE_NS_ASSERTIONS = NO;
				ENABLE_STRICT_OBJC_MSGSEND = YES;
				GCC_C_LANGUAGE_STANDARD = gnu99;
				GCC_NO_COMMON_BLOCKS = YES;
				GCC_WARN_64_TO_32_BIT_CONVERSION = YES;
				GCC_WARN_ABOUT_RETURN_TYPE = YES_ERROR;
				GCC_WARN_UNDECLARED_SELECTOR = YES;
				GCC_WARN_UNINITIALIZED_AUTOS = YES_AGGRESSIVE;
				GCC_WARN_UNUSED_FUNCTION = YES;
				GCC_WARN_UNUSED_VARIABLE = YES;
				IPHONEOS_DEPLOYMENT_TARGET = 10.2;
				MTL_ENABLE_DEBUG_INFO = NO;
				SDKROOT = iphoneos;
				SWIFT_OPTIMIZATION_LEVEL = "-Owholemodule";
				TARGETED_DEVICE_FAMILY = "1,2";
				VALIDATE_PRODUCT = YES;
			};
			name = Release;
		};
		8157D7741EB0B22200ACB510 /* Debug */ = {
			isa = XCBuildConfiguration;
			buildSettings = {
				ASSETCATALOG_COMPILER_APPICON_NAME = AppIcon;
				DEVELOPMENT_TEAM = 9JFA32662T;
				INFOPLIST_FILE = Trial1/Info.plist;
				LD_RUNPATH_SEARCH_PATHS = "$(inherited) @executable_path/Frameworks";
				PRODUCT_BUNDLE_IDENTIFIER = com.test.Trial1;
				PRODUCT_NAME = "$(TARGET_NAME)";
				SWIFT_VERSION = 3.0;
			};
			name = Debug;
		};
		8157D7751EB0B22200ACB510 /* Release */ = {
			isa = XCBuildConfiguration;
			buildSettings = {
				ASSETCATALOG_COMPILER_APPICON_NAME = AppIcon;
				DEVELOPMENT_TEAM = 9JFA32662T;
				INFOPLIST_FILE = Trial1/Info.plist;
				LD_RUNPATH_SEARCH_PATHS = "$(inherited) @executable_path/Frameworks";
				PRODUCT_BUNDLE_IDENTIFIER = com.test.Trial1;
				PRODUCT_NAME = "$(TARGET_NAME)";
				SWIFT_VERSION = 3.0;
			};
			name = Release;
		};
		8157D7771EB0B22200ACB510 /* Debug */ = {
			isa = XCBuildConfiguration;
			buildSettings = {
				ALWAYS_EMBED_SWIFT_STANDARD_LIBRARIES = YES;
				BUNDLE_LOADER = "$(TEST_HOST)";
				DEVELOPMENT_TEAM = 9JFA32662T;
				INFOPLIST_FILE = Trial1Tests/Info.plist;
				LD_RUNPATH_SEARCH_PATHS = "$(inherited) @executable_path/Frameworks @loader_path/Frameworks";
				PRODUCT_BUNDLE_IDENTIFIER = com.test.Trial1Tests;
				PRODUCT_NAME = "$(TARGET_NAME)";
				SWIFT_VERSION = 3.0;
				TEST_HOST = "$(BUILT_PRODUCTS_DIR)/Trial1.app/Trial1";
			};
			name = Debug;
		};
		8157D7781EB0B22200ACB510 /* Release */ = {
			isa = XCBuildConfiguration;
			buildSettings = {
				ALWAYS_EMBED_SWIFT_STANDARD_LIBRARIES = YES;
				BUNDLE_LOADER = "$(TEST_HOST)";
				DEVELOPMENT_TEAM = 9JFA32662T;
				INFOPLIST_FILE = Trial1Tests/Info.plist;
				LD_RUNPATH_SEARCH_PATHS = "$(inherited) @executable_path/Frameworks @loader_path/Frameworks";
				PRODUCT_BUNDLE_IDENTIFIER = com.test.Trial1Tests;
				PRODUCT_NAME = "$(TARGET_NAME)";
				SWIFT_VERSION = 3.0;
				TEST_HOST = "$(BUILT_PRODUCTS_DIR)/Trial1.app/Trial1";
			};
			name = Release;
		};
		8157D77A1EB0B22200ACB510 /* Debug */ = {
			isa = XCBuildConfiguration;
			buildSettings = {
				ALWAYS_EMBED_SWIFT_STANDARD_LIBRARIES = YES;
				DEVELOPMENT_TEAM = 9JFA32662T;
				INFOPLIST_FILE = Trial1UITests/Info.plist;
				LD_RUNPATH_SEARCH_PATHS = "$(inherited) @executable_path/Frameworks @loader_path/Frameworks";
				PRODUCT_BUNDLE_IDENTIFIER = com.test.Trial1UITests;
				PRODUCT_NAME = "$(TARGET_NAME)";
				SWIFT_VERSION = 3.0;
				TEST_TARGET_NAME = Trial1;
			};
			name = Debug;
		};
		8157D77B1EB0B22200ACB510 /* Release */ = {
			isa = XCBuildConfiguration;
			buildSettings = {
				ALWAYS_EMBED_SWIFT_STANDARD_LIBRARIES = YES;
				DEVELOPMENT_TEAM = 9JFA32662T;
				INFOPLIST_FILE = Trial1UITests/Info.plist;
				LD_RUNPATH_SEARCH_PATHS = "$(inherited) @executable_path/Frameworks @loader_path/Frameworks";
				PRODUCT_BUNDLE_IDENTIFIER = com.test.Trial1UITests;
				PRODUCT_NAME = "$(TARGET_NAME)";
				SWIFT_VERSION = 3.0;
				TEST_TARGET_NAME = Trial1;
			};
			name = Release;
		};
/* End XCBuildConfiguration section */

/* Begin XCConfigurationList section */
		8157D7461EB0B22100ACB510 /* Build configuration list for PBXProject "Trial1" */ = {
			isa = XCConfigurationList;
			buildConfigurations = (
				8157D7711EB0B22200ACB510 /* Debug */,
				8157D7721EB0B22200ACB510 /* Release */,
			);
			defaultConfigurationIsVisible = 0;
			defaultConfigurationName = Release;
		};
		8157D7731EB0B22200ACB510 /* Build configuration list for PBXNativeTarget "Trial1" */ = {
			isa = XCConfigurationList;
			buildConfigurations = (
				8157D7741EB0B22200ACB510 /* Debug */,
				8157D7751EB0B22200ACB510 /* Release */,
			);
			defaultConfigurationIsVisible = 0;
		};
		8157D7761EB0B22200ACB510 /* Build configuration list for PBXNativeTarget "Trial1Tests" */ = {
			isa = XCConfigurationList;
			buildConfigurations = (
				8157D7771EB0B22200ACB510 /* Debug */,
				8157D7781EB0B22200ACB510 /* Release */,
			);
			defaultConfigurationIsVisible = 0;
		};
		8157D7791EB0B22200ACB510 /* Build configuration list for PBXNativeTarget "Trial1UITests" */ = {
			isa = XCConfigurationList;
			buildConfigurations = (
				8157D77A1EB0B22200ACB510 /* Debug */,
				8157D77B1EB0B22200ACB510 /* Release */,
			);
			defaultConfigurationIsVisible = 0;
		};
/* End XCConfigurationList section */
	};
	rootObject = 8157D7431EB0B22100ACB510 /* Project object */;
}
